{
  "name": "currency",
  "requires": true,
  "lockfileVersion": 1,
  "dependencies": {
    "js-money": {
      "version": "0.6.3",
      "resolved": "https://registry.npmjs.org/js-money/-/js-money-0.6.3.tgz",
      "integrity": "sha1-ILj6m5WNrH9XuY2QJyUuQI6Y1P0=",
      "requires": {
        "lodash": "4.x.x"
      }
    },
    "lodash": {
      "version": "4.17.15",
      "resolved": "https://registry.npmjs.org/lodash/-/lodash-4.17.15.tgz",
      "integrity": "sha512-8xOcRHvCjnocdS5cpwXQXVzmmh5e5+saE2QGoeQmbKmRS6J3VQppPOIt0MnmE+4xlZoumy0GPG0D0MVIQbNA1A=="
    }
  }
}
